// !$*UTF8*$!
{
	archiveVersion = 1;
	classes = {
	};
	objectVersion = 46;
	objects = {

/* Begin PBXBuildFile section */
		0AF7DD071F53FF6800F6889A /* AppDelegate.swift in Sources */ = {isa = PBXBuildFile; fileRef = 0AF7DD061F53FF6800F6889A /* AppDelegate.swift */; };
		0AF7DD091F53FF6800F6889A /* GameScene.sks in Resources */ = {isa = PBXBuildFile; fileRef = 0AF7DD081F53FF6800F6889A /* GameScene.sks */; };
		0AF7DD0B1F53FF6800F6889A /* Actions.sks in Resources */ = {isa = PBXBuildFile; fileRef = 0AF7DD0A1F53FF6800F6889A /* Actions.sks */; };
		0AF7DD0D1F53FF6800F6889A /* GameScene.swift in Sources */ = {isa = PBXBuildFile; fileRef = 0AF7DD0C1F53FF6800F6889A /* GameScene.swift */; };
		0AF7DD0F1F53FF6800F6889A /* GameViewController.swift in Sources */ = {isa = PBXBuildFile; fileRef = 0AF7DD0E1F53FF6800F6889A /* GameViewController.swift */; };
		0AF7DD121F53FF6800F6889A /* Main.storyboard in Resources */ = {isa = PBXBuildFile; fileRef = 0AF7DD101F53FF6800F6889A /* Main.storyboard */; };
		0AF7DD141F53FF6800F6889A /* Assets.xcassets in Resources */ = {isa = PBXBuildFile; fileRef = 0AF7DD131F53FF6800F6889A /* Assets.xcassets */; };
		0AF7DD171F53FF6800F6889A /* LaunchScreen.storyboard in Resources */ = {isa = PBXBuildFile; fileRef = 0AF7DD151F53FF6800F6889A /* LaunchScreen.storyboard */; };
		0AF7DD221F53FF6800F6889A /* Angry_Duck___2Tests.swift in Sources */ = {isa = PBXBuildFile; fileRef = 0AF7DD211F53FF6800F6889A /* Angry_Duck___2Tests.swift */; };
		0AF7DD2D1F53FF6800F6889A /* Angry_Duck___2UITests.swift in Sources */ = {isa = PBXBuildFile; fileRef = 0AF7DD2C1F53FF6800F6889A /* Angry_Duck___2UITests.swift */; };
/* End PBXBuildFile section */

/* Begin PBXContainerItemProxy section */
		0AF7DD1E1F53FF6800F6889A /* PBXContainerItemProxy */ = {
			isa = PBXContainerItemProxy;
			containerPortal = 0AF7DCFB1F53FF6800F6889A /* Project object */;
			proxyType = 1;
			remoteGlobalIDString = 0AF7DD021F53FF6800F6889A;
			remoteInfo = "Angry Duck - 2";
		};
		0AF7DD291F53FF6800F6889A /* PBXContainerItemProxy */ = {
			isa = PBXContainerItemProxy;
			containerPortal = 0AF7DCFB1F53FF6800F6889A /* Project object */;
			proxyType = 1;
			remoteGlobalIDString = 0AF7DD021F53FF6800F6889A;
			remoteInfo = "Angry Duck - 2";
		};
/* End PBXContainerItemProxy section */

/* Begin PBXFileReference section */
		0AF7DD031F53FF6800F6889A /* Angry Duck - 2.app */ = {isa = PBXFileReference; explicitFileType = wrapper.application; includeInIndex = 0; path = "Angry Duck - 2.app"; sourceTree = BUILT_PRODUCTS_DIR; };
		0AF7DD061F53FF6800F6889A /* AppDelegate.swift */ = {isa = PBXFileReference; lastKnownFileType = sourcecode.swift; path = AppDelegate.swift; sourceTree = "<group>"; };
		0AF7DD081F53FF6800F6889A /* GameScene.sks */ = {isa = PBXFileReference; lastKnownFileType = file.sks; path = GameScene.sks; sourceTree = "<group>"; };
		0AF7DD0A1F53FF6800F6889A /* Actions.sks */ = {isa = PBXFileReference; lastKnownFileType = file.sks; path = Actions.sks; sourceTree = "<group>"; };
		0AF7DD0C1F53FF6800F6889A /* GameScene.swift */ = {isa = PBXFileReference; lastKnownFileType = sourcecode.swift; path = GameScene.swift; sourceTree = "<group>"; };
		0AF7DD0E1F53FF6800F6889A /* GameViewController.swift */ = {isa = PBXFileReference; lastKnownFileType = sourcecode.swift; path = GameViewController.swift; sourceTree = "<group>"; };
		0AF7DD111F53FF6800F6889A /* Base */ = {isa = PBXFileReference; lastKnownFileType = file.storyboard; name = Base; path = Base.lproj/Main.storyboard; sourceTree = "<group>"; };
		0AF7DD131F53FF6800F6889A /* Assets.xcassets */ = {isa = PBXFileReference; lastKnownFileType = folder.assetcatalog; path = Assets.xcassets; sourceTree = "<group>"; };
		0AF7DD161F53FF6800F6889A /* Base */ = {isa = PBXFileReference; lastKnownFileType = file.storyboard; name = Base; path = Base.lproj/LaunchScreen.storyboard; sourceTree = "<group>"; };
		0AF7DD181F53FF6800F6889A /* Info.plist */ = {isa = PBXFileReference; lastKnownFileType = text.plist.xml; path = Info.plist; sourceTree = "<group>"; };
		0AF7DD1D1F53FF6800F6889A /* Angry Duck - 2Tests.xctest */ = {isa = PBXFileReference; explicitFileType = wrapper.cfbundle; includeInIndex = 0; path = "Angry Duck - 2Tests.xctest"; sourceTree = BUILT_PRODUCTS_DIR; };
		0AF7DD211F53FF6800F6889A /* Angry_Duck___2Tests.swift */ = {isa = PBXFileReference; lastKnownFileType = sourcecode.swift; path = "Angry_Duck___2Tests.swift"; sourceTree = "<group>"; };
		0AF7DD231F53FF6800F6889A /* Info.plist */ = {isa = PBXFileReference; lastKnownFileType = text.plist.xml; path = Info.plist; sourceTree = "<group>"; };
		0AF7DD281F53FF6800F6889A /* Angry Duck - 2UITests.xctest */ = {isa = PBXFileReference; explicitFileType = wrapper.cfbundle; includeInIndex = 0; path = "Angry Duck - 2UITests.xctest"; sourceTree = BUILT_PRODUCTS_DIR; };
		0AF7DD2C1F53FF6800F6889A /* Angry_Duck___2UITests.swift */ = {isa = PBXFileReference; lastKnownFileType = sourcecode.swift; path = "Angry_Duck___2UITests.swift"; sourceTree = "<group>"; };
		0AF7DD2E1F53FF6800F6889A /* Info.plist */ = {isa = PBXFileReference; lastKnownFileType = text.plist.xml; path = Info.plist; sourceTree = "<group>"; };
/* End PBXFileReference section */

/* Begin PBXFrameworksBuildPhase section */
		0AF7DD001F53FF6800F6889A /* Frameworks */ = {
			isa = PBXFrameworksBuildPhase;
			buildActionMask = 2147483647;
			files = (
			);
			runOnlyForDeploymentPostprocessing = 0;
		};
		0AF7DD1A1F53FF6800F6889A /* Frameworks */ = {
			isa = PBXFrameworksBuildPhase;
			buildActionMask = 2147483647;
			files = (
			);
			runOnlyForDeploymentPostprocessing = 0;
		};
		0AF7DD251F53FF6800F6889A /* Frameworks */ = {
			isa = PBXFrameworksBuildPhase;
			buildActionMask = 2147483647;
			files = (
			);
			runOnlyForDeploymentPostprocessing = 0;
		};
/* End PBXFrameworksBuildPhase section */

/* Begin PBXGroup section */
		0AF7DCFA1F53FF6800F6889A = {
			isa = PBXGroup;
			children = (
				0AF7DD051F53FF6800F6889A /* Angry Duck - 2 */,
				0AF7DD201F53FF6800F6889A /* Angry Duck - 2Tests */,
				0AF7DD2B1F53FF6800F6889A /* Angry Duck - 2UITests */,
				0AF7DD041F53FF6800F6889A /* Products */,
			);
			sourceTree = "<group>";
		};
		0AF7DD041F53FF6800F6889A /* Products */ = {
			isa = PBXGroup;
			children = (
				0AF7DD031F53FF6800F6889A /* Angry Duck - 2.app */,
				0AF7DD1D1F53FF6800F6889A /* Angry Duck - 2Tests.xctest */,
				0AF7DD281F53FF6800F6889A /* Angry Duck - 2UITests.xctest */,
			);
			name = Products;
			sourceTree = "<group>";
		};
		0AF7DD051F53FF6800F6889A /* Angry Duck - 2 */ = {
			isa = PBXGroup;
			children = (
				0AF7DD061F53FF6800F6889A /* AppDelegate.swift */,
				0AF7DD081F53FF6800F6889A /* GameScene.sks */,
				0AF7DD0A1F53FF6800F6889A /* Actions.sks */,
				0AF7DD0C1F53FF6800F6889A /* GameScene.swift */,
				0AF7DD0E1F53FF6800F6889A /* GameViewController.swift */,
				0AF7DD101F53FF6800F6889A /* Main.storyboard */,
				0AF7DD131F53FF6800F6889A /* Assets.xcassets */,
				0AF7DD151F53FF6800F6889A /* LaunchScreen.storyboard */,
				0AF7DD181F53FF6800F6889A /* Info.plist */,
			);
			path = "Angry Duck - 2";
			sourceTree = "<group>";
		};
		0AF7DD201F53FF6800F6889A /* Angry Duck - 2Tests */ = {
			isa = PBXGroup;
			children = (
				0AF7DD211F53FF6800F6889A /* Angry_Duck___2Tests.swift */,
				0AF7DD231F53FF6800F6889A /* Info.plist */,
			);
			path = "Angry Duck - 2Tests";
			sourceTree = "<group>";
		};
		0AF7DD2B1F53FF6800F6889A /* Angry Duck - 2UITests */ = {
			isa = PBXGroup;
			children = (
				0AF7DD2C1F53FF6800F6889A /* Angry_Duck___2UITests.swift */,
				0AF7DD2E1F53FF6800F6889A /* Info.plist */,
			);
			path = "Angry Duck - 2UITests";
			sourceTree = "<group>";
		};
/* End PBXGroup section */

/* Begin PBXNativeTarget section */
		0AF7DD021F53FF6800F6889A /* Angry Duck - 2 */ = {
			isa = PBXNativeTarget;
			buildConfigurationList = 0AF7DD311F53FF6800F6889A /* Build configuration list for PBXNativeTarget "Angry Duck - 2" */;
			buildPhases = (
				0AF7DCFF1F53FF6800F6889A /* Sources */,
				0AF7DD001F53FF6800F6889A /* Frameworks */,
				0AF7DD011F53FF6800F6889A /* Resources */,
			);
			buildRules = (
			);
			dependencies = (
			);
			name = "Angry Duck - 2";
			productName = "Angry Duck - 2";
			productReference = 0AF7DD031F53FF6800F6889A /* Angry Duck - 2.app */;
			productType = "com.apple.product-type.application";
		};
		0AF7DD1C1F53FF6800F6889A /* Angry Duck - 2Tests */ = {
			isa = PBXNativeTarget;
			buildConfigurationList = 0AF7DD341F53FF6800F6889A /* Build configuration list for PBXNativeTarget "Angry Duck - 2Tests" */;
			buildPhases = (
				0AF7DD191F53FF6800F6889A /* Sources */,
				0AF7DD1A1F53FF6800F6889A /* Frameworks */,
				0AF7DD1B1F53FF6800F6889A /* Resources */,
			);
			buildRules = (
			);
			dependencies = (
				0AF7DD1F1F53FF6800F6889A /* PBXTargetDependency */,
			);
			name = "Angry Duck - 2Tests";
			productName = "Angry Duck - 2Tests";
			productReference = 0AF7DD1D1F53FF6800F6889A /* Angry Duck - 2Tests.xctest */;
			productType = "com.apple.product-type.bundle.unit-test";
		};
		0AF7DD271F53FF6800F6889A /* Angry Duck - 2UITests */ = {
			isa = PBXNativeTarget;
			buildConfigurationList = 0AF7DD371F53FF6800F6889A /* Build configuration list for PBXNativeTarget "Angry Duck - 2UITests" */;
			buildPhases = (
				0AF7DD241F53FF6800F6889A /* Sources */,
				0AF7DD251F53FF6800F6889A /* Frameworks */,
				0AF7DD261F53FF6800F6889A /* Resources */,
			);
			buildRules = (
			);
			dependencies = (
				0AF7DD2A1F53FF6800F6889A /* PBXTargetDependency */,
			);
			name = "Angry Duck - 2UITests";
			productName = "Angry Duck - 2UITests";
			productReference = 0AF7DD281F53FF6800F6889A /* Angry Duck - 2UITests.xctest */;
			productType = "com.apple.product-type.bundle.ui-testing";
		};
/* End PBXNativeTarget section */

/* Begin PBXProject section */
		0AF7DCFB1F53FF6800F6889A /* Project object */ = {
			isa = PBXProject;
			attributes = {
				LastSwiftUpdateCheck = 0830;
				LastUpgradeCheck = 0830;
				ORGANIZATIONNAME = jy;
				TargetAttributes = {
					0AF7DD021F53FF6800F6889A = {
						CreatedOnToolsVersion = 8.3.3;
						DevelopmentTeam = VH4ZU5QAW5;
						ProvisioningStyle = Automatic;
					};
					0AF7DD1C1F53FF6800F6889A = {
						CreatedOnToolsVersion = 8.3.3;
						DevelopmentTeam = VH4ZU5QAW5;
						ProvisioningStyle = Automatic;
						TestTargetID = 0AF7DD021F53FF6800F6889A;
					};
					0AF7DD271F53FF6800F6889A = {
						CreatedOnToolsVersion = 8.3.3;
						DevelopmentTeam = VH4ZU5QAW5;
						ProvisioningStyle = Automatic;
						TestTargetID = 0AF7DD021F53FF6800F6889A;
					};
				};
			};
			buildConfigurationList = 0AF7DCFE1F53FF6800F6889A /* Build configuration list for PBXProject "Angry Duck - 2" */;
			compatibilityVersion = "Xcode 3.2";
			developmentRegion = English;
			hasScannedForEncodings = 0;
			knownRegions = (
				en,
				Base,
			);
			mainGroup = 0AF7DCFA1F53FF6800F6889A;
			productRefGroup = 0AF7DD041F53FF6800F6889A /* Products */;
			projectDirPath = "";
			projectRoot = "";
			targets = (
				0AF7DD021F53FF6800F6889A /* Angry Duck - 2 */,
				0AF7DD1C1F53FF6800F6889A /* Angry Duck - 2Tests */,
				0AF7DD271F53FF6800F6889A /* Angry Duck - 2UITests */,
			);
		};
/* End PBXProject section */

/* Begin PBXResourcesBuildPhase section */
		0AF7DD011F53FF6800F6889A /* Resources */ = {
			isa = PBXResourcesBuildPhase;
			buildActionMask = 2147483647;
			files = (
				0AF7DD121F53FF6800F6889A /* Main.storyboard in Resources */,
				0AF7DD091F53FF6800F6889A /* GameScene.sks in Resources */,
				0AF7DD141F53FF6800F6889A /* Assets.xcassets in Resources */,
				0AF7DD171F53FF6800F6889A /* LaunchScreen.storyboard in Resources */,
				0AF7DD0B1F53FF6800F6889A /* Actions.sks in Resources */,
			);
			runOnlyForDeploymentPostprocessing = 0;
		};
		0AF7DD1B1F53FF6800F6889A /* Resources */ = {
			isa = PBXResourcesBuildPhase;
			buildActionMask = 2147483647;
			files = (
			);
			runOnlyForDeploymentPostprocessing = 0;
		};
		0AF7DD261F53FF6800F6889A /* Resources */ = {
			isa = PBXResourcesBuildPhase;
			buildActionMask = 2147483647;
			files = (
			);
			runOnlyForDeploymentPostprocessing = 0;
		};
/* End PBXResourcesBuildPhase section */

/* Begin PBXSourcesBuildPhase section */
		0AF7DCFF1F53FF6800F6889A /* Sources */ = {
			isa = PBXSourcesBuildPhase;
			buildActionMask = 2147483647;
			files = (
				0AF7DD0D1F53FF6800F6889A /* GameScene.swift in Sources */,
				0AF7DD0F1F53FF6800F6889A /* GameViewController.swift in Sources */,
				0AF7DD071F53FF6800F6889A /* AppDelegate.swift in Sources */,
			);
			runOnlyForDeploymentPostprocessing = 0;
		};
		0AF7DD191F53FF6800F6889A /* Sources */ = {
			isa = PBXSourcesBuildPhase;
			buildActionMask = 2147483647;
			files = (
				0AF7DD221F53FF6800F6889A /* Angry_Duck___2Tests.swift in Sources */,
			);
			runOnlyForDeploymentPostprocessing = 0;
		};
		0AF7DD241F53FF6800F6889A /* Sources */ = {
			isa = PBXSourcesBuildPhase;
			buildActionMask = 2147483647;
			files = (
				0AF7DD2D1F53FF6800F6889A /* Angry_Duck___2UITests.swift in Sources */,
			);
			runOnlyForDeploymentPostprocessing = 0;
		};
/* End PBXSourcesBuildPhase section */

/* Begin PBXTargetDependency section */
		0AF7DD1F1F53FF6800F6889A /* PBXTargetDependency */ = {
			isa = PBXTargetDependency;
			target = 0AF7DD021F53FF6800F6889A /* Angry Duck - 2 */;
			targetProxy = 0AF7DD1E1F53FF6800F6889A /* PBXContainerItemProxy */;
		};
		0AF7DD2A1F53FF6800F6889A /* PBXTargetDependency */ = {
			isa = PBXTargetDependency;
			target = 0AF7DD021F53FF6800F6889A /* Angry Duck - 2 */;
			targetProxy = 0AF7DD291F53FF6800F6889A /* PBXContainerItemProxy */;
		};
/* End PBXTargetDependency section */

/* Begin PBXVariantGroup section */
		0AF7DD101F53FF6800F6889A /* Main.storyboard */ = {
			isa = PBXVariantGroup;
			children = (
				0AF7DD111F53FF6800F6889A /* Base */,
			);
			name = Main.storyboard;
			sourceTree = "<group>";
		};
		0AF7DD151F53FF6800F6889A /* LaunchScreen.storyboard */ = {
			isa = PBXVariantGroup;
			children = (
				0AF7DD161F53FF6800F6889A /* Base */,
			);
			name = LaunchScreen.storyboard;
			sourceTree = "<group>";
		};
/* End PBXVariantGroup section */

/* Begin XCBuildConfiguration section */
		0AF7DD2F1F53FF6800F6889A /* Debug */ = {
			isa = XCBuildConfiguration;
			buildSettings = {
				ALWAYS_SEARCH_USER_PATHS = NO;
				CLANG_ANALYZER_NONNULL = YES;
				CLANG_ANALYZER_NUMBER_OBJECT_CONVERSION = YES_AGGRESSIVE;
				CLANG_CXX_LANGUAGE_STANDARD = "gnu++0x";
				CLANG_CXX_LIBRARY = "libc++";
				CLANG_ENABLE_MODULES = YES;
				CLANG_ENABLE_OBJC_ARC = YES;
				CLANG_WARN_BOOL_CONVERSION = YES;
				CLANG_WARN_CONSTANT_CONVERSION = YES;
				CLANG_WARN_DIRECT_OBJC_ISA_USAGE = YES_ERROR;
				CLANG_WARN_DOCUMENTATION_COMMENTS = YES;
				CLANG_WARN_EMPTY_BODY = YES;
				CLANG_WARN_ENUM_CONVERSION = YES;
				CLANG_WARN_INFINITE_RECURSION = YES;
				CLANG_WARN_INT_CONVERSION = YES;
				CLANG_WARN_OBJC_ROOT_CLASS = YES_ERROR;
				CLANG_WARN_SUSPICIOUS_MOVE = YES;
				CLANG_WARN_UNREACHABLE_CODE = YES;
				CLANG_WARN__DUPLICATE_METHOD_MATCH = YES;
				"CODE_SIGN_IDENTITY[sdk=iphoneos*]" = "iPhone Developer";
				COPY_PHASE_STRIP = NO;
				DEBUG_INFORMATION_FORMAT = dwarf;
				ENABLE_STRICT_OBJC_MSGSEND = YES;
				ENABLE_TESTABILITY = YES;
				GCC_C_LANGUAGE_STANDARD = gnu99;
				GCC_DYNAMIC_NO_PIC = NO;
				GCC_NO_COMMON_BLOCKS = YES;
				GCC_OPTIMIZATION_LEVEL = 0;
				GCC_PREPROCESSOR_DEFINITIONS = (
					"DEBUG=1",
					"$(inherited)",
				);
				GCC_WARN_64_TO_32_BIT_CONVERSION = YES;
				GCC_WARN_ABOUT_RETURN_TYPE = YES_ERROR;
				GCC_WARN_UNDECLARED_SELECTOR = YES;
				GCC_WARN_UNINITIALIZED_AUTOS = YES_AGGRESSIVE;
				GCC_WARN_UNUSED_FUNCTION = YES;
				GCC_WARN_UNUSED_VARIABLE = YES;
				IPHONEOS_DEPLOYMENT_TARGET = 10.3;
				MTL_ENABLE_DEBUG_INFO = YES;
				ONLY_ACTIVE_ARCH = YES;
				SDKROOT = iphoneos;
				SWIFT_ACTIVE_COMPILATION_CONDITIONS = DEBUG;
				SWIFT_OPTIMIZATION_LEVEL = "-Onone";
			};
			name = Debug;
		};
		0AF7DD301F53FF6800F6889A /* Release */ = {
			isa = XCBuildConfiguration;
			buildSettings = {
				ALWAYS_SEARCH_USER_PATHS = NO;
				CLANG_ANALYZER_NONNULL = YES;
				CLANG_ANALYZER_NUMBER_OBJECT_CONVERSION = YES_AGGRESSIVE;
				CLANG_CXX_LANGUAGE_STANDARD = "gnu++0x";
				CLANG_CXX_LIBRARY = "libc++";
				CLANG_ENABLE_MODULES = YES;
				CLANG_ENABLE_OBJC_ARC = YES;
				CLANG_WARN_BOOL_CONVERSION = YES;
				CLANG_WARN_CONSTANT_CONVERSION = YES;
				CLANG_WARN_DIRECT_OBJC_ISA_USAGE = YES_ERROR;
				CLANG_WARN_DOCUMENTATION_COMMENTS = YES;
				CLANG_WARN_EMPTY_BODY = YES;
				CLANG_WARN_ENUM_CONVERSION = YES;
				CLANG_WARN_INFINITE_RECURSION = YES;
				CLANG_WARN_INT_CONVERSION = YES;
				CLANG_WARN_OBJC_ROOT_CLASS = YES_ERROR;
				CLANG_WARN_SUSPICIOUS_MOVE = YES;
				CLANG_WARN_UNREACHABLE_CODE = YES;
				CLANG_WARN__DUPLICATE_METHOD_MATCH = YES;
				"CODE_SIGN_IDENTITY[sdk=iphoneos*]" = "iPhone Developer";
				COPY_PHASE_STRIP = NO;
				DEBUG_INFORMATION_FORMAT = "dwarf-with-dsym";
				ENABLE_NS_ASSERTIONS = NO;
				ENABLE_STRICT_OBJC_MSGSEND = YES;
				GCC_C_LANGUAGE_STANDARD = gnu99;
				GCC_NO_COMMON_BLOCKS = YES;
				GCC_WARN_64_TO_32_BIT_CONVERSION = YES;
				GCC_WARN_ABOUT_RETURN_TYPE = YES_ERROR;
				GCC_WARN_UNDECLARED_SELECTOR = YES;
				GCC_WARN_UNINITIALIZED_AUTOS = YES_AGGRESSIVE;
				GCC_WARN_UNUSED_FUNCTION = YES;
				GCC_WARN_UNUSED_VARIABLE = YES;
				IPHONEOS_DEPLOYMENT_TARGET = 10.3;
				MTL_ENABLE_DEBUG_INFO = NO;
				SDKROOT = iphoneos;
				SWIFT_OPTIMIZATION_LEVEL = "-Owholemodule";
				VALIDATE_PRODUCT = YES;
			};
			name = Release;
		};
		0AF7DD321F53FF6800F6889A /* Debug */ = {
			isa = XCBuildConfiguration;
			buildSettings = {
				ASSETCATALOG_COMPILER_APPICON_NAME = AppIcon;
				DEVELOPMENT_TEAM = VH4ZU5QAW5;
				INFOPLIST_FILE = "Angry Duck - 2/Info.plist";
				LD_RUNPATH_SEARCH_PATHS = "$(inherited) @executable_path/Frameworks";
				PRODUCT_BUNDLE_IDENTIFIER = "com.iRich.Angry-Duck---2";
				PRODUCT_NAME = "$(TARGET_NAME)";
				SWIFT_VERSION = 3.0;
			};
			name = Debug;
		};
		0AF7DD331F53FF6800F6889A /* Release */ = {
			isa = XCBuildConfiguration;
			buildSettings = {
				ASSETCATALOG_COMPILER_APPICON_NAME = AppIcon;
				DEVELOPMENT_TEAM = VH4ZU5QAW5;
				INFOPLIST_FILE = "Angry Duck - 2/Info.plist";
				LD_RUNPATH_SEARCH_PATHS = "$(inherited) @executable_path/Frameworks";
				PRODUCT_BUNDLE_IDENTIFIER = "com.iRich.Angry-Duck---2";
				PRODUCT_NAME = "$(TARGET_NAME)";
				SWIFT_VERSION = 3.0;
			};
			name = Release;
		};
		0AF7DD351F53FF6800F6889A /* Debug */ = {
			isa = XCBuildConfiguration;
			buildSettings = {
				ALWAYS_EMBED_SWIFT_STANDARD_LIBRARIES = YES;
				BUNDLE_LOADER = "$(TEST_HOST)";
				DEVELOPMENT_TEAM = VH4ZU5QAW5;
				INFOPLIST_FILE = "Angry Duck - 2Tests/Info.plist";
				LD_RUNPATH_SEARCH_PATHS = "$(inherited) @executable_path/Frameworks @loader_path/Frameworks";
				PRODUCT_BUNDLE_IDENTIFIER = "com.iRich.Angry-Duck---2Tests";
				PRODUCT_NAME = "$(TARGET_NAME)";
				SWIFT_VERSION = 3.0;
				TEST_HOST = "$(BUILT_PRODUCTS_DIR)/Angry Duck - 2.app/Angry Duck - 2";
			};
			name = Debug;
		};
		0AF7DD361F53FF6800F6889A /* Release */ = {
			isa = XCBuildConfiguration;
			buildSettings = {
				ALWAYS_EMBED_SWIFT_STANDARD_LIBRARIES = YES;
				BUNDLE_LOADER = "$(TEST_HOST)";
				DEVELOPMENT_TEAM = VH4ZU5QAW5;
				INFOPLIST_FILE = "Angry Duck - 2Tests/Info.plist";
				LD_RUNPATH_SEARCH_PATHS = "$(inherited) @executable_path/Frameworks @loader_path/Frameworks";
				PRODUCT_BUNDLE_IDENTIFIER = "com.iRich.Angry-Duck---2Tests";
				PRODUCT_NAME = "$(TARGET_NAME)";
				SWIFT_VERSION = 3.0;
				TEST_HOST = "$(BUILT_PRODUCTS_DIR)/Angry Duck - 2.app/Angry Duck - 2";
			};
			name = Release;
		};
		0AF7DD381F53FF6800F6889A /* Debug */ = {
			isa = XCBuildConfiguration;
			buildSettings = {
				ALWAYS_EMBED_SWIFT_STANDARD_LIBRARIES = YES;
				DEVELOPMENT_TEAM = VH4ZU5QAW5;
				INFOPLIST_FILE = "Angry Duck - 2UITests/Info.plist";
				LD_RUNPATH_SEARCH_PATHS = "$(inherited) @executable_path/Frameworks @loader_path/Frameworks";
				PRODUCT_BUNDLE_IDENTIFIER = "com.iRich.Angry-Duck---2UITests";
				PRODUCT_NAME = "$(TARGET_NAME)";
				SWIFT_VERSION = 3.0;
				TEST_TARGET_NAME = "Angry Duck - 2";
			};
			name = Debug;
		};
		0AF7DD391F53FF6800F6889A /* Release */ = {
			isa = XCBuildConfiguration;
			buildSettings = {
				ALWAYS_EMBED_SWIFT_STANDARD_LIBRARIES = YES;
				DEVELOPMENT_TEAM = VH4ZU5QAW5;
				INFOPLIST_FILE = "Angry Duck - 2UITests/Info.plist";
				LD_RUNPATH_SEARCH_PATHS = "$(inherited) @executable_path/Frameworks @loader_path/Frameworks";
				PRODUCT_BUNDLE_IDENTIFIER = "com.iRich.Angry-Duck---2UITests";
				PRODUCT_NAME = "$(TARGET_NAME)";
				SWIFT_VERSION = 3.0;
				TEST_TARGET_NAME = "Angry Duck - 2";
			};
			name = Release;
		};
/* End XCBuildConfiguration section */

/* Begin XCConfigurationList section */
		0AF7DCFE1F53FF6800F6889A /* Build configuration list for PBXProject "Angry Duck - 2" */ = {
			isa = XCConfigurationList;
			buildConfigurations = (
				0AF7DD2F1F53FF6800F6889A /* Debug */,
				0AF7DD301F53FF6800F6889A /* Release */,
			);
			defaultConfigurationIsVisible = 0;
			defaultConfigurationName = Release;
		};
		0AF7DD311F53FF6800F6889A /* Build configuration list for PBXNativeTarget "Angry Duck - 2" */ = {
			isa = XCConfigurationList;
			buildConfigurations = (
				0AF7DD321F53FF6800F6889A /* Debug */,
				0AF7DD331F53FF6800F6889A /* Release */,
			);
			defaultConfigurationIsVisible = 0;
		};
		0AF7DD341F53FF6800F6889A /* Build configuration list for PBXNativeTarget "Angry Duck - 2Tests" */ = {
			isa = XCConfigurationList;
			buildConfigurations = (
				0AF7DD351F53FF6800F6889A /* Debug */,
				0AF7DD361F53FF6800F6889A /* Release */,
			);
			defaultConfigurationIsVisible = 0;
		};
		0AF7DD371F53FF6800F6889A /* Build configuration list for PBXNativeTarget "Angry Duck - 2UITests" */ = {
			isa = XCConfigurationList;
			buildConfigurations = (
				0AF7DD381F53FF6800F6889A /* Debug */,
				0AF7DD391F53FF6800F6889A /* Release */,
			);
			defaultConfigurationIsVisible = 0;
		};
/* End XCConfigurationList section */
	};
	rootObject = 0AF7DCFB1F53FF6800F6889A /* Project object */;
}
